// !$*UTF8*$!
{
	archiveVersion = 1;
	classes = {
	};
	objectVersion = 77;
	objects = {

/* Begin PBXBuildFile section */
		A025187C2DC4F1720027963B /* ServiceManagement.framework in Frameworks */ = {isa = PBXBuildFile; fileRef = A025187B2DC4F1720027963B /* ServiceManagement.framework */; };
/* End PBXBuildFile section */

/* Begin PBXContainerItemProxy section */
		A02518542DC4ED940027963B /* PBXContainerItemProxy */ = {
			isa = PBXContainerItemProxy;
			containerPortal = A025183A2DC4ED920027963B /* Project object */;
			proxyType = 1;
			remoteGlobalIDString = A02518412DC4ED920027963B;
			remoteInfo = DockSwich;
		};
		A025185E2DC4ED940027963B /* PBXContainerItemProxy */ = {
			isa = PBXContainerItemProxy;
			containerPortal = A025183A2DC4ED920027963B /* Project object */;
			proxyType = 1;
			remoteGlobalIDString = A02518412DC4ED920027963B;
			remoteInfo = DockSwich;
		};
/* End PBXContainerItemProxy section */

/* Begin PBXFileReference section */
		A02518422DC4ED920027963B /* DockSwich.app */ = {isa = PBXFileReference; explicitFileType = wrapper.application; includeInIndex = 0; path = DockSwich.app; sourceTree = BUILT_PRODUCTS_DIR; };
		A02518532DC4ED940027963B /* DockSwichTests.xctest */ = {isa = PBXFileReference; explicitFileType = wrapper.cfbundle; includeInIndex = 0; path = DockSwichTests.xctest; sourceTree = BUILT_PRODUCTS_DIR; };
		A025185D2DC4ED940027963B /* DockSwichUITests.xctest */ = {isa = PBXFileReference; explicitFileType = wrapper.cfbundle; includeInIndex = 0; path = DockSwichUITests.xctest; sourceTree = BUILT_PRODUCTS_DIR; };
		A025187B2DC4F1720027963B /* ServiceManagement.framework */ = {isa = PBXFileReference; lastKnownFileType = wrapper.framework; name = ServiceManagement.framework; path = System/Library/Frameworks/ServiceManagement.framework; sourceTree = SDKROOT; };
/* End PBXFileReference section */

/* Begin PBXFileSystemSynchronizedRootGroup section */
		A02518442DC4ED920027963B /* DockSwich */ = {
			isa = PBXFileSystemSynchronizedRootGroup;
			path = DockSwich;
			sourceTree = "<group>";
		};
		A02518562DC4ED940027963B /* DockSwichTests */ = {
			isa = PBXFileSystemSynchronizedRootGroup;
			path = DockSwichTests;
			sourceTree = "<group>";
		};
		A02518602DC4ED940027963B /* DockSwichUITests */ = {
			isa = PBXFileSystemSynchronizedRootGroup;
			path = DockSwichUITests;
			sourceTree = "<group>";
		};
/* End PBXFileSystemSynchronizedRootGroup section */

/* Begin PBXFrameworksBuildPhase section */
		A025183F2DC4ED920027963B /* Frameworks */ = {
			isa = PBXFrameworksBuildPhase;
			buildActionMask = 2147483647;
			files = (
				A025187C2DC4F1720027963B /* ServiceManagement.framework in Frameworks */,
			);
			runOnlyForDeploymentPostprocessing = 0;
		};
		A02518502DC4ED940027963B /* Frameworks */ = {
			isa = PBXFrameworksBuildPhase;
			buildActionMask = 2147483647;
			files = (
			);
			runOnlyForDeploymentPostprocessing = 0;
		};
		A025185A2DC4ED940027963B /* Frameworks */ = {
			isa = PBXFrameworksBuildPhase;
			buildActionMask = 2147483647;
			files = (
			);
			runOnlyForDeploymentPostprocessing = 0;
		};
/* End PBXFrameworksBuildPhase section */

/* Begin PBXGroup section */
		A02518392DC4ED920027963B = {
			isa = PBXGroup;
			children = (
				A02518442DC4ED920027963B /* DockSwich */,
				A02518562DC4ED940027963B /* DockSwichTests */,
				A02518602DC4ED940027963B /* DockSwichUITests */,
				A025187A2DC4F1720027963B /* Frameworks */,
				A02518432DC4ED920027963B /* Products */,
			);
			sourceTree = "<group>";
		};
		A02518432DC4ED920027963B /* Products */ = {
			isa = PBXGroup;
			children = (
				A02518422DC4ED920027963B /* DockSwich.app */,
				A02518532DC4ED940027963B /* DockSwichTests.xctest */,
				A025185D2DC4ED940027963B /* DockSwichUITests.xctest */,
			);
			name = Products;
			sourceTree = "<group>";
		};
		A025187A2DC4F1720027963B /* Frameworks */ = {
			isa = PBXGroup;
			children = (
				A025187B2DC4F1720027963B /* ServiceManagement.framework */,
			);
			name = Frameworks;
			sourceTree = "<group>";
		};
/* End PBXGroup section */

/* Begin PBXNativeTarget section */
		A02518412DC4ED920027963B /* DockSwich */ = {
			isa = PBXNativeTarget;
			buildConfigurationList = A02518672DC4ED940027963B /* Build configuration list for PBXNativeTarget "DockSwich" */;
			buildPhases = (
				A025183E2DC4ED920027963B /* Sources */,
				A025183F2DC4ED920027963B /* Frameworks */,
				A02518402DC4ED920027963B /* Resources */,
			);
			buildRules = (
			);
			dependencies = (
			);
			fileSystemSynchronizedGroups = (
				A02518442DC4ED920027963B /* DockSwich */,
			);
			name = DockSwich;
			packageProductDependencies = (
			);
			productName = DockSwich;
			productReference = A02518422DC4ED920027963B /* DockSwich.app */;
			productType = "com.apple.product-type.application";
		};
		A02518522DC4ED940027963B /* DockSwichTests */ = {
			isa = PBXNativeTarget;
			buildConfigurationList = A025186A2DC4ED940027963B /* Build configuration list for PBXNativeTarget "DockSwichTests" */;
			buildPhases = (
				A025184F2DC4ED940027963B /* Sources */,
				A02518502DC4ED940027963B /* Frameworks */,
				A02518512DC4ED940027963B /* Resources */,
			);
			buildRules = (
			);
			dependencies = (
				A02518552DC4ED940027963B /* PBXTargetDependency */,
			);
			fileSystemSynchronizedGroups = (
				A02518562DC4ED940027963B /* DockSwichTests */,
			);
			name = DockSwichTests;
			packageProductDependencies = (
			);
			productName = DockSwichTests;
			productReference = A02518532DC4ED940027963B /* DockSwichTests.xctest */;
			productType = "com.apple.product-type.bundle.unit-test";
		};
		A025185C2DC4ED940027963B /* DockSwichUITests */ = {
			isa = PBXNativeTarget;
			buildConfigurationList = A025186D2DC4ED940027963B /* Build configuration list for PBXNativeTarget "DockSwichUITests" */;
			buildPhases = (
				A02518592DC4ED940027963B /* Sources */,
				A025185A2DC4ED940027963B /* Frameworks */,
				A025185B2DC4ED940027963B /* Resources */,
			);
			buildRules = (
			);
			dependencies = (
				A025185F2DC4ED940027963B /* PBXTargetDependency */,
			);
			fileSystemSynchronizedGroups = (
				A02518602DC4ED940027963B /* DockSwichUITests */,
			);
			name = DockSwichUITests;
			packageProductDependencies = (
			);
			productName = DockSwichUITests;
			productReference = A025185D2DC4ED940027963B /* DockSwichUITests.xctest */;
			productType = "com.apple.product-type.bundle.ui-testing";
		};
/* End PBXNativeTarget section */

/* Begin PBXProject section */
		A025183A2DC4ED920027963B /* Project object */ = {
			isa = PBXProject;
			attributes = {
				BuildIndependentTargetsInParallel = 1;
				LastSwiftUpdateCheck = 1600;
				LastUpgradeCheck = 1600;
				TargetAttributes = {
					A02518412DC4ED920027963B = {
						CreatedOnToolsVersion = 16.0;
					};
					A02518522DC4ED940027963B = {
						CreatedOnToolsVersion = 16.0;
						TestTargetID = A02518412DC4ED920027963B;
					};
					A025185C2DC4ED940027963B = {
						CreatedOnToolsVersion = 16.0;
						TestTargetID = A02518412DC4ED920027963B;
					};
				};
			};
			buildConfigurationList = A025183D2DC4ED920027963B /* Build configuration list for PBXProject "DockSwich" */;
			developmentRegion = en;
			hasScannedForEncodings = 0;
			knownRegions = (
				en,
				Base,
			);
			mainGroup = A02518392DC4ED920027963B;
			minimizedProjectReferenceProxies = 1;
			preferredProjectObjectVersion = 77;
			productRefGroup = A02518432DC4ED920027963B /* Products */;
			projectDirPath = "";
			projectRoot = "";
			targets = (
				A02518412DC4ED920027963B /* DockSwich */,
				A02518522DC4ED940027963B /* DockSwichTests */,
				A025185C2DC4ED940027963B /* DockSwichUITests */,
			);
		};
/* End PBXProject section */

/* Begin PBXResourcesBuildPhase section */
		A02518402DC4ED920027963B /* Resources */ = {
			isa = PBXResourcesBuildPhase;
			buildActionMask = 2147483647;
			files = (
			);
			runOnlyForDeploymentPostprocessing = 0;
		};
		A02518512DC4ED940027963B /* Resources */ = {
			isa = PBXResourcesBuildPhase;
			buildActionMask = 2147483647;
			files = (
			);
			runOnlyForDeploymentPostprocessing = 0;
		};
		A025185B2DC4ED940027963B /* Resources */ = {
			isa = PBXResourcesBuildPhase;
			buildActionMask = 2147483647;
			files = (
			);
			runOnlyForDeploymentPostprocessing = 0;
		};
/* End PBXResourcesBuildPhase section */

/* Begin PBXSourcesBuildPhase section */
		A025183E2DC4ED920027963B /* Sources */ = {
			isa = PBXSourcesBuildPhase;
			buildActionMask = 2147483647;
			files = (
			);
			runOnlyForDeploymentPostprocessing = 0;
		};
		A025184F2DC4ED940027963B /* Sources */ = {
			isa = PBXSourcesBuildPhase;
			buildActionMask = 2147483647;
			files = (
			);
			runOnlyForDeploymentPostprocessing = 0;
		};
		A02518592DC4ED940027963B /* Sources */ = {
			isa = PBXSourcesBuildPhase;
			buildActionMask = 2147483647;
			files = (
			);
			runOnlyForDeploymentPostprocessing = 0;
		};
/* End PBXSourcesBuildPhase section */

/* Begin PBXTargetDependency section */
		A02518552DC4ED940027963B /* PBXTargetDependency */ = {
			isa = PBXTargetDependency;
			target = A02518412DC4ED920027963B /* DockSwich */;
			targetProxy = A02518542DC4ED940027963B /* PBXContainerItemProxy */;
		};
		A025185F2DC4ED940027963B /* PBXTargetDependency */ = {
			isa = PBXTargetDependency;
			target = A02518412DC4ED920027963B /* DockSwich */;
			targetProxy = A025185E2DC4ED940027963B /* PBXContainerItemProxy */;
		};
/* End PBXTargetDependency section */

/* Begin XCBuildConfiguration section */
		A02518652DC4ED940027963B /* Debug */ = {
			isa = XCBuildConfiguration;
			buildSettings = {
				ALWAYS_SEARCH_USER_PATHS = NO;
				ASSETCATALOG_COMPILER_GENERATE_SWIFT_ASSET_SYMBOL_EXTENSIONS = YES;
				CLANG_ANALYZER_NONNULL = YES;
				CLANG_ANALYZER_NUMBER_OBJECT_CONVERSION = YES_AGGRESSIVE;
				CLANG_CXX_LANGUAGE_STANDARD = "gnu++20";
				CLANG_ENABLE_MODULES = YES;
				CLANG_ENABLE_OBJC_ARC = YES;
				CLANG_ENABLE_OBJC_WEAK = YES;
				CLANG_WARN_BLOCK_CAPTURE_AUTORELEASING = YES;
				CLANG_WARN_BOOL_CONVERSION = YES;
				CLANG_WARN_COMMA = YES;
				CLANG_WARN_CONSTANT_CONVERSION = YES;
				CLANG_WARN_DEPRECATED_OBJC_IMPLEMENTATIONS = YES;
				CLANG_WARN_DIRECT_OBJC_ISA_USAGE = YES_ERROR;
				CLANG_WARN_DOCUMENTATION_COMMENTS = YES;
				CLANG_WARN_EMPTY_BODY = YES;
				CLANG_WARN_ENUM_CONVERSION = YES;
				CLANG_WARN_INFINITE_RECURSION = YES;
				CLANG_WARN_INT_CONVERSION = YES;
				CLANG_WARN_NON_LITERAL_NULL_CONVERSION = YES;
				CLANG_WARN_OBJC_IMPLICIT_RETAIN_SELF = YES;
				CLANG_WARN_OBJC_LITERAL_CONVERSION = YES;
				CLANG_WARN_OBJC_ROOT_CLASS = YES_ERROR;
				CLANG_WARN_QUOTED_INCLUDE_IN_FRAMEWORK_HEADER = YES;
				CLANG_WARN_RANGE_LOOP_ANALYSIS = YES;
				CLANG_WARN_STRICT_PROTOTYPES = YES;
				CLANG_WARN_SUSPICIOUS_MOVE = YES;
				CLANG_WARN_UNGUARDED_AVAILABILITY = YES_AGGRESSIVE;
				CLANG_WARN_UNREACHABLE_CODE = YES;
				CLANG_WARN__DUPLICATE_METHOD_MATCH = YES;
				COPY_PHASE_STRIP = NO;
				DEBUG_INFORMATION_FORMAT = dwarf;
				ENABLE_STRICT_OBJC_MSGSEND = YES;
				ENABLE_TESTABILITY = YES;
				ENABLE_USER_SCRIPT_SANDBOXING = YES;
				GCC_C_LANGUAGE_STANDARD = gnu17;
				GCC_DYNAMIC_NO_PIC = NO;
				GCC_NO_COMMON_BLOCKS = YES;
				GCC_OPTIMIZATION_LEVEL = 0;
				GCC_PREPROCESSOR_DEFINITIONS = (
					"DEBUG=1",
					"$(inherited)",
				);
				GCC_WARN_64_TO_32_BIT_CONVERSION = YES;
				GCC_WARN_ABOUT_RETURN_TYPE = YES_ERROR;
				GCC_WARN_UNDECLARED_SELECTOR = YES;
				GCC_WARN_UNINITIALIZED_AUTOS = YES_AGGRESSIVE;
				GCC_WARN_UNUSED_FUNCTION = YES;
				GCC_WARN_UNUSED_VARIABLE = YES;
				LOCALIZATION_PREFERS_STRING_CATALOGS = YES;
				MACOSX_DEPLOYMENT_TARGET = 15.0;
				MTL_ENABLE_DEBUG_INFO = INCLUDE_SOURCE;
				MTL_FAST_MATH = YES;
				ONLY_ACTIVE_ARCH = YES;
				SDKROOT = macosx;
				SWIFT_ACTIVE_COMPILATION_CONDITIONS = "DEBUG $(inherited)";
				SWIFT_OPTIMIZATION_LEVEL = "-Onone";
			};
			name = Debug;
		};
		A02518662DC4ED940027963B /* Release */ = {
			isa = XCBuildConfiguration;
			buildSettings = {
				ALWAYS_SEARCH_USER_PATHS = NO;
				ASSETCATALOG_COMPILER_GENERATE_SWIFT_ASSET_SYMBOL_EXTENSIONS = YES;
				CLANG_ANALYZER_NONNULL = YES;
				CLANG_ANALYZER_NUMBER_OBJECT_CONVERSION = YES_AGGRESSIVE;
				CLANG_CXX_LANGUAGE_STANDARD = "gnu++20";
				CLANG_ENABLE_MODULES = YES;
				CLANG_ENABLE_OBJC_ARC = YES;
				CLANG_ENABLE_OBJC_WEAK = YES;
				CLANG_WARN_BLOCK_CAPTURE_AUTORELEASING = YES;
				CLANG_WARN_BOOL_CONVERSION = YES;
				CLANG_WARN_COMMA = YES;
				CLANG_WARN_CONSTANT_CONVERSION = YES;
				CLANG_WARN_DEPRECATED_OBJC_IMPLEMENTATIONS = YES;
				CLANG_WARN_DIRECT_OBJC_ISA_USAGE = YES_ERROR;
				CLANG_WARN_DOCUMENTATION_COMMENTS = YES;
				CLANG_WARN_EMPTY_BODY = YES;
				CLANG_WARN_ENUM_CONVERSION = YES;
				CLANG_WARN_INFINITE_RECURSION = YES;
				CLANG_WARN_INT_CONVERSION = YES;
				CLANG_WARN_NON_LITERAL_NULL_CONVERSION = YES;
				CLANG_WARN_OBJC_IMPLICIT_RETAIN_SELF = YES;
				CLANG_WARN_OBJC_LITERAL_CONVERSION = YES;
				CLANG_WARN_OBJC_ROOT_CLASS = YES_ERROR;
				CLANG_WARN_QUOTED_INCLUDE_IN_FRAMEWORK_HEADER = YES;
				CLANG_WARN_RANGE_LOOP_ANALYSIS = YES;
				CLANG_WARN_STRICT_PROTOTYPES = YES;
				CLANG_WARN_SUSPICIOUS_MOVE = YES;
				CLANG_WARN_UNGUARDED_AVAILABILITY = YES_AGGRESSIVE;
				CLANG_WARN_UNREACHABLE_CODE = YES;
				CLANG_WARN__DUPLICATE_METHOD_MATCH = YES;
				COPY_PHASE_STRIP = NO;
				DEBUG_INFORMATION_FORMAT = "dwarf-with-dsym";
				ENABLE_NS_ASSERTIONS = NO;
				ENABLE_STRICT_OBJC_MSGSEND = YES;
				ENABLE_USER_SCRIPT_SANDBOXING = YES;
				GCC_C_LANGUAGE_STANDARD = gnu17;
				GCC_NO_COMMON_BLOCKS = YES;
				GCC_WARN_64_TO_32_BIT_CONVERSION = YES;
				GCC_WARN_ABOUT_RETURN_TYPE = YES_ERROR;
				GCC_WARN_UNDECLARED_SELECTOR = YES;
				GCC_WARN_UNINITIALIZED_AUTOS = YES_AGGRESSIVE;
				GCC_WARN_UNUSED_FUNCTION = YES;
				GCC_WARN_UNUSED_VARIABLE = YES;
				LOCALIZATION_PREFERS_STRING_CATALOGS = YES;
				MACOSX_DEPLOYMENT_TARGET = 15.0;
				MTL_ENABLE_DEBUG_INFO = NO;
				MTL_FAST_MATH = YES;
				SDKROOT = macosx;
				SWIFT_COMPILATION_MODE = wholemodule;
			};
			name = Release;
		};
		A02518682DC4ED940027963B /* Debug */ = {
			isa = XCBuildConfiguration;
			buildSettings = {
				ASSETCATALOG_COMPILER_APPICON_NAME = AppIcon;
				ASSETCATALOG_COMPILER_GLOBAL_ACCENT_COLOR_NAME = AccentColor;
				CODE_SIGN_ENTITLEMENTS = DockSwich/DockSwich.entitlements;
				CODE_SIGN_STYLE = Automatic;
				COMBINE_HIDPI_IMAGES = YES;
				CURRENT_PROJECT_VERSION = 1;
				DEVELOPMENT_ASSET_PATHS = "\"DockSwich/Preview Content\"";
				DEVELOPMENT_TEAM = Q38G82HX7B;
				ENABLE_HARDENED_RUNTIME = YES;
				ENABLE_PREVIEWS = YES;
				GENERATE_INFOPLIST_FILE = YES;
				INFOPLIST_KEY_NSHumanReadableCopyright = "";
				LD_RUNPATH_SEARCH_PATHS = (
					"$(inherited)",
					"@executable_path/../Frameworks",
				);
				MARKETING_VERSION = 1.0;
				PRODUCT_BUNDLE_IDENTIFIER = com.KokiShibata.DockSwich;
				PRODUCT_NAME = "$(TARGET_NAME)";
				SWIFT_EMIT_LOC_STRINGS = YES;
				SWIFT_VERSION = 5.0;
			};
			name = Debug;
		};
		A02518692DC4ED940027963B /* Release */ = {
			isa = XCBuildConfiguration;
			buildSettings = {
				ASSETCATALOG_COMPILER_APPICON_NAME = AppIcon;
				ASSETCATALOG_COMPILER_GLOBAL_ACCENT_COLOR_NAME = AccentColor;
				CODE_SIGN_ENTITLEMENTS = DockSwich/DockSwich.entitlements;
				CODE_SIGN_STYLE = Automatic;
				COMBINE_HIDPI_IMAGES = YES;
				CURRENT_PROJECT_VERSION = 1;
				DEVELOPMENT_ASSET_PATHS = "\"DockSwich/Preview Content\"";
				DEVELOPMENT_TEAM = Q38G82HX7B;
				ENABLE_HARDENED_RUNTIME = YES;
				ENABLE_PREVIEWS = YES;
				GENERATE_INFOPLIST_FILE = YES;
				INFOPLIST_KEY_NSHumanReadableCopyright = "";
				LD_RUNPATH_SEARCH_PATHS = (
					"$(inherited)",
					"@executable_path/../Frameworks",
				);
				MARKETING_VERSION = 1.0;
				PRODUCT_BUNDLE_IDENTIFIER = com.KokiShibata.DockSwich;
				PRODUCT_NAME = "$(TARGET_NAME)";
				SWIFT_EMIT_LOC_STRINGS = YES;
				SWIFT_VERSION = 5.0;
			};
			name = Release;
		};
		A025186B2DC4ED940027963B /* Debug */ = {
			isa = XCBuildConfiguration;
			buildSettings = {
				BUNDLE_LOADER = "$(TEST_HOST)";
				CODE_SIGN_STYLE = Automatic;
				CURRENT_PROJECT_VERSION = 1;
				DEVELOPMENT_TEAM = Q38G82HX7B;
				GENERATE_INFOPLIST_FILE = YES;
				MACOSX_DEPLOYMENT_TARGET = 15.0;
				MARKETING_VERSION = 1.0;
				PRODUCT_BUNDLE_IDENTIFIER = com.KokiShibata.DockSwichTests;
				PRODUCT_NAME = "$(TARGET_NAME)";
				SWIFT_EMIT_LOC_STRINGS = NO;
				SWIFT_VERSION = 5.0;
				TEST_HOST = "$(BUILT_PRODUCTS_DIR)/DockSwich.app/$(BUNDLE_EXECUTABLE_FOLDER_PATH)/DockSwich";
			};
			name = Debug;
		};
		A025186C2DC4ED940027963B /* Release */ = {
			isa = XCBuildConfiguration;
			buildSettings = {
				BUNDLE_LOADER = "$(TEST_HOST)";
				CODE_SIGN_STYLE = Automatic;
				CURRENT_PROJECT_VERSION = 1;
				DEVELOPMENT_TEAM = Q38G82HX7B;
				GENERATE_INFOPLIST_FILE = YES;
				MACOSX_DEPLOYMENT_TARGET = 15.0;
				MARKETING_VERSION = 1.0;
				PRODUCT_BUNDLE_IDENTIFIER = com.KokiShibata.DockSwichTests;
				PRODUCT_NAME = "$(TARGET_NAME)";
				SWIFT_EMIT_LOC_STRINGS = NO;
				SWIFT_VERSION = 5.0;
				TEST_HOST = "$(BUILT_PRODUCTS_DIR)/DockSwich.app/$(BUNDLE_EXECUTABLE_FOLDER_PATH)/DockSwich";
			};
			name = Release;
		};
		A025186E2DC4ED940027963B /* Debug */ = {
			isa = XCBuildConfiguration;
			buildSettings = {
				CODE_SIGN_STYLE = Automatic;
				CURRENT_PROJECT_VERSION = 1;
				DEVELOPMENT_TEAM = Q38G82HX7B;
				GENERATE_INFOPLIST_FILE = YES;
				MARKETING_VERSION = 1.0;
				PRODUCT_BUNDLE_IDENTIFIER = com.KokiShibata.DockSwichUITests;
				PRODUCT_NAME = "$(TARGET_NAME)";
				SWIFT_EMIT_LOC_STRINGS = NO;
				SWIFT_VERSION = 5.0;
				TEST_TARGET_NAME = DockSwich;
			};
			name = Debug;
		};
		A025186F2DC4ED940027963B /* Release */ = {
			isa = XCBuildConfiguration;
			buildSettings = {
				CODE_SIGN_STYLE = Automatic;
				CURRENT_PROJECT_VERSION = 1;
				DEVELOPMENT_TEAM = Q38G82HX7B;
				GENERATE_INFOPLIST_FILE = YES;
				MARKETING_VERSION = 1.0;
				PRODUCT_BUNDLE_IDENTIFIER = com.KokiShibata.DockSwichUITests;
				PRODUCT_NAME = "$(TARGET_NAME)";
				SWIFT_EMIT_LOC_STRINGS = NO;
				SWIFT_VERSION = 5.0;
				TEST_TARGET_NAME = DockSwich;
			};
			name = Release;
		};
/* End XCBuildConfiguration section */

/* Begin XCConfigurationList section */
		A025183D2DC4ED920027963B /* Build configuration list for PBXProject "DockSwich" */ = {
			isa = XCConfigurationList;
			buildConfigurations = (
				A02518652DC4ED940027963B /* Debug */,
				A02518662DC4ED940027963B /* Release */,
			);
			defaultConfigurationIsVisible = 0;
			defaultConfigurationName = Release;
		};
		A02518672DC4ED940027963B /* Build configuration list for PBXNativeTarget "DockSwich" */ = {
			isa = XCConfigurationList;
			buildConfigurations = (
				A02518682DC4ED940027963B /* Debug */,
				A02518692DC4ED940027963B /* Release */,
			);
			defaultConfigurationIsVisible = 0;
			defaultConfigurationName = Release;
		};
		A025186A2DC4ED940027963B /* Build configuration list for PBXNativeTarget "DockSwichTests" */ = {
			isa = XCConfigurationList;
			buildConfigurations = (
				A025186B2DC4ED940027963B /* Debug */,
				A025186C2DC4ED940027963B /* Release */,
			);
			defaultConfigurationIsVisible = 0;
			defaultConfigurationName = Release;
		};
		A025186D2DC4ED940027963B /* Build configuration list for PBXNativeTarget "DockSwichUITests" */ = {
			isa = XCConfigurationList;
			buildConfigurations = (
				A025186E2DC4ED940027963B /* Debug */,
				A025186F2DC4ED940027963B /* Release */,
			);
			defaultConfigurationIsVisible = 0;
			defaultConfigurationName = Release;
		};
/* End XCConfigurationList section */
	};
	rootObject = A025183A2DC4ED920027963B /* Project object */;
}
